
Microsoft Visual Studio Solution File, Format Version 12.00
# Visual Studio Version 16
VisualStudioVersion = 16.0.29025.244
MinimumVisualStudioVersion = 10.0.40219.1
Project("{FAE04EC0-301F-11D3-BF4B-00C04F79EFBC}") = "NetCoreWebAPIVersion", "NetCoreWebAPIVersion\NetCoreWebAPIVersion.csproj", "{9A8F64EF-233D-4910-B349-072642B14FBA}"
EndProject
Global
	GlobalSection(SolutionConfigurationPlatforms) = preSolution
		Debug|Any CPU = Debug|Any CPU
		Release|Any CPU = Release|Any CPU
	EndGlobalSection
	GlobalSection(ProjectConfigurationPlatforms) = postSolution
		{9A8F64EF-233D-4910-B349-072642B14FBA}.Debug|Any CPU.ActiveCfg = Debug|Any CPU
		{9A8F64EF-233D-4910-B349-072642B14FBA}.Debug|Any CPU.Build.0 = Debug|Any CPU
		{9A8F64EF-233D-4910-B349-072642B14FBA}.Release|Any CPU.ActiveCfg = Release|Any CPU
		{9A8F64EF-233D-4910-B349-072642B14FBA}.Release|Any CPU.Build.0 = Release|Any CPU
	EndGlobalSection
	GlobalSection(SolutionProperties) = preSolution
		HideSolutionNode = FALSE
	EndGlobalSection
	GlobalSection(ExtensibilityGlobals) = postSolution
		SolutionGuid = {7420F2DF-5CBC-4277-BD4A-B559DFAF77E0}
	EndGlobalSection
EndGlobal
